
Microsoft Visual Studio Solution File, Format Version 12.00
# Visual Studio Version 17
VisualStudioVersion = 17.12.35514.174 d17.12
MinimumVisualStudioVersion = 10.0.40219.1
Project("{2150E333-8FDC-42A3-9474-1A3956D46DE8}") = "Task0", "Task0", "{52A00A8C-2483-4277-BCB6-E31B81C9DDA0}"
EndProject
Project("{FAE04EC0-301F-11D3-BF4B-00C04F79EFBC}") = "Tyuiu.VumaR.Sprint1.Task0.V14", "Tyuiu.VumaR.Sprint1.Task0.V14\Tyuiu.VumaR.Sprint1.Task0.V14.csproj", "{CC28EAB3-0B6B-4404-B795-225FBDC3DC0D}"
EndProject
Project("{FAE04EC0-301F-11D3-BF4B-00C04F79EFBC}") = "Tyuiu.VumaR.Sprint1.Task0.V14.Lib", "Tyuiu.VumaR.Sprint1.Task0.V14.Lib\Tyuiu.VumaR.Sprint1.Task0.V14.Lib.csproj", "{F129CF46-9E97-4916-948B-F916D644D7AB}"
EndProject
Project("{FAE04EC0-301F-11D3-BF4B-00C04F79EFBC}") = "Tyuiu.VumaR.Sprint1.Task0.V14.Test", "Tyuiu.VumaR.Sprint1.Task0.V14.Test\Tyuiu.VumaR.Sprint1.Task0.V14.Test.csproj", "{20654F83-EFD5-4648-93D9-899B07411326}"
EndProject
Global
	GlobalSection(SolutionConfigurationPlatforms) = preSolution
		Debug|Any CPU = Debug|Any CPU
		Release|Any CPU = Release|Any CPU
	EndGlobalSection
	GlobalSection(ProjectConfigurationPlatforms) = postSolution
		{CC28EAB3-0B6B-4404-B795-225FBDC3DC0D}.Debug|Any CPU.ActiveCfg = Debug|Any CPU
		{CC28EAB3-0B6B-4404-B795-225FBDC3DC0D}.Debug|Any CPU.Build.0 = Debug|Any CPU
		{CC28EAB3-0B6B-4404-B795-225FBDC3DC0D}.Release|Any CPU.ActiveCfg = Release|Any CPU
		{CC28EAB3-0B6B-4404-B795-225FBDC3DC0D}.Release|Any CPU.Build.0 = Release|Any CPU
		{F129CF46-9E97-4916-948B-F916D644D7AB}.Debug|Any CPU.ActiveCfg = Debug|Any CPU
		{F129CF46-9E97-4916-948B-F916D644D7AB}.Debug|Any CPU.Build.0 = Debug|Any CPU
		{F129CF46-9E97-4916-948B-F916D644D7AB}.Release|Any CPU.ActiveCfg = Release|Any CPU
		{F129CF46-9E97-4916-948B-F916D644D7AB}.Release|Any CPU.Build.0 = Release|Any CPU
		{20654F83-EFD5-4648-93D9-899B07411326}.Debug|Any CPU.ActiveCfg = Debug|Any CPU
		{20654F83-EFD5-4648-93D9-899B07411326}.Debug|Any CPU.Build.0 = Debug|Any CPU
		{20654F83-EFD5-4648-93D9-899B07411326}.Release|Any CPU.ActiveCfg = Release|Any CPU
		{20654F83-EFD5-4648-93D9-899B07411326}.Release|Any CPU.Build.0 = Release|Any CPU
	EndGlobalSection
	GlobalSection(SolutionProperties) = preSolution
		HideSolutionNode = FALSE
	EndGlobalSection
	GlobalSection(NestedProjects) = preSolution
		{CC28EAB3-0B6B-4404-B795-225FBDC3DC0D} = {52A00A8C-2483-4277-BCB6-E31B81C9DDA0}
		{F129CF46-9E97-4916-948B-F916D644D7AB} = {52A00A8C-2483-4277-BCB6-E31B81C9DDA0}
		{20654F83-EFD5-4648-93D9-899B07411326} = {52A00A8C-2483-4277-BCB6-E31B81C9DDA0}
	EndGlobalSection
EndGlobal
