
Microsoft Visual Studio Solution File, Format Version 12.00
# Visual Studio Version 17
VisualStudioVersion = 17.12.35514.174 d17.12
MinimumVisualStudioVersion = 10.0.40219.1
Project("{2150E333-8FDC-42A3-9474-1A3956D46DE8}") = "Task0", "Task0", "{52A00A8C-2483-4277-BCB6-E31B81C9DDA0}"
EndProject
Project("{FAE04EC0-301F-11D3-BF4B-00C04F79EFBC}") = "Tyuiu.VumaR.Sprint1.Task0.V14", "Tyuiu.VumaR.Sprint1.Task0.V14\Tyuiu.VumaR.Sprint1.Task0.V14.csproj", "{CC28EAB3-0B6B-4404-B795-225FBDC3DC0D}"
EndProject
Project("{FAE04EC0-301F-11D3-BF4B-00C04F79EFBC}") = "Tyuiu.VumaR.Sprint1.Task0.V14.Lib", "Tyuiu.VumaR.Sprint1.Task0.V14.Lib\Tyuiu.VumaR.Sprint1.Task0.V14.Lib.csproj", "{F129CF46-9E97-4916-948B-F916D644D7AB}"
EndProject
Project("{FAE04EC0-301F-11D3-BF4B-00C04F79EFBC}") = "Tyuiu.VumaR.Sprint1.Task0.V14.Test", "Tyuiu.VumaR.Sprint1.Task0.V14.Test\Tyuiu.VumaR.Sprint1.Task0.V14.Test.csproj", "{20654F83-EFD5-4648-93D9-899B07411326}"
EndProject
Project("{2150E333-8FDC-42A3-9474-1A3956D46DE8}") = "Task1", "Task1", "{918681FD-629F-4C0C-84BB-FC3BAF496641}"
EndProject
Project("{FAE04EC0-301F-11D3-BF4B-00C04F79EFBC}") = "Tyuiu.VumaR.Sprint1.Task1.V15", "Tyuiu.VumaR.Sprint1.Task1.V15\Tyuiu.VumaR.Sprint1.Task1.V15.csproj", "{821DD4E6-9132-4B0C-93C2-6BEB9018F66A}"
EndProject
Project("{FAE04EC0-301F-11D3-BF4B-00C04F79EFBC}") = "Tyuiu.VumaR.Sprint1.Task1.V15.Lib", "Tyuiu.VumaR.Sprint1.Task1.V15.Lib\Tyuiu.VumaR.Sprint1.Task1.V15.Lib.csproj", "{E2737F8E-CF77-45CD-909A-9FA0358C427C}"
EndProject
Project("{FAE04EC0-301F-11D3-BF4B-00C04F79EFBC}") = "Tyuiu.VumaR.Sprint1.Task1.V15.Test", "Tyuiu.VumaR.Sprint1.Task1.V15.Test\Tyuiu.VumaR.Sprint1.Task1.V15.Test.csproj", "{3C08326C-E06E-4040-8A04-523E586C407C}"
EndProject
Project("{2150E333-8FDC-42A3-9474-1A3956D46DE8}") = "Task2", "Task2", "{E813C7D3-0CE2-4D02-99F0-C356E1649261}"
EndProject
Project("{FAE04EC0-301F-11D3-BF4B-00C04F79EFBC}") = "Tyuiu.VumaR.Sprint1.Task2.V27", "Tyuiu.VumaR.Sprint1.Task2.V27\Tyuiu.VumaR.Sprint1.Task2.V27.csproj", "{4736D1C3-4BCF-4DF6-BEA4-B1AFCC8601DA}"
EndProject
Project("{FAE04EC0-301F-11D3-BF4B-00C04F79EFBC}") = "Tyuiu.VumaR.Sprint1.Task2.V27.Lib", "Tyuiu.VumaR.Sprint1.Task2.V27.Lib\Tyuiu.VumaR.Sprint1.Task2.V27.Lib.csproj", "{7C3CF3F9-13EF-4C0B-8416-E10DF9F2B96C}"
EndProject
Project("{FAE04EC0-301F-11D3-BF4B-00C04F79EFBC}") = "Tyuiu.VumaR.Sprint1.Task2.V27.Test", "Tyuiu.VumaR.Sprint1.Task2.V27.Test\Tyuiu.VumaR.Sprint1.Task2.V27.Test.csproj", "{F15009E8-4F9B-4E59-B748-06BC3544A3BD}"
EndProject
Project("{2150E333-8FDC-42A3-9474-1A3956D46DE8}") = "Task3", "Task3", "{F5D2AE15-AECA-4264-8429-3A09822C7378}"
EndProject
Project("{FAE04EC0-301F-11D3-BF4B-00C04F79EFBC}") = "Tyuiu.VumaR.Sprint1.Task3.V16", "Tyuiu.VumaR.Sprint1.Task3.V16\Tyuiu.VumaR.Sprint1.Task3.V16.csproj", "{2F04D578-4437-4587-883F-5DCFACC21217}"
EndProject
Project("{FAE04EC0-301F-11D3-BF4B-00C04F79EFBC}") = "Tyuiu.VumaR.Sprint1.Task3.V16.Lib", "Tyuiu.VumaR.Sprint1.Task3.V16.Lib\Tyuiu.VumaR.Sprint1.Task3.V16.Lib.csproj", "{C6BEB981-692C-40AF-8A9E-19E57F0733C0}"
EndProject
Project("{FAE04EC0-301F-11D3-BF4B-00C04F79EFBC}") = "Tyuiu.VumaR.Sprint1.Task3.V16.Test", "Tyuiu.VumaR.Sprint1.Task3.V16.Test\Tyuiu.VumaR.Sprint1.Task3.V16.Test.csproj", "{4001A78D-3AC8-4ACF-BEAA-2B1A56EE5E84}"
EndProject
Project("{2150E333-8FDC-42A3-9474-1A3956D46DE8}") = "Task4", "Task4", "{42CA138F-25F4-4186-BC01-04330449EDEB}"
EndProject
Project("{FAE04EC0-301F-11D3-BF4B-00C04F79EFBC}") = "Tyuiu.VumaR.Sprint1.Task4.V3", "Tyuiu.VumaR.Sprint1.Task4.V3\Tyuiu.VumaR.Sprint1.Task4.V3.csproj", "{248982CD-4BDA-4C55-821F-7166B1B0637F}"
EndProject
Project("{FAE04EC0-301F-11D3-BF4B-00C04F79EFBC}") = "Tyuiu.VumaR.Sprint1.Task4.V3.Lib", "Tyuiu.VumaR.Sprint1.Task4.V3.Lib\Tyuiu.VumaR.Sprint1.Task4.V3.Lib.csproj", "{09B6D74B-9ABF-4858-B2C2-2DB0A621BED8}"
EndProject
Project("{FAE04EC0-301F-11D3-BF4B-00C04F79EFBC}") = "Tyuiu.VumaR.Sprint1.Task4.V3.Test", "Tyuiu.VumaR.Sprint1.Task4.V3.Test\Tyuiu.VumaR.Sprint1.Task4.V3.Test.csproj", "{CF601FC8-18E1-4C33-AAA3-C9FEBB8B8DFC}"
EndProject
Project("{2150E333-8FDC-42A3-9474-1A3956D46DE8}") = "Task5", "Task5", "{A5370007-2986-44AF-9970-7819FA083073}"
EndProject
Project("{FAE04EC0-301F-11D3-BF4B-00C04F79EFBC}") = "Tyuiu.VumaR.Sprint1.Task5.V5", "Tyuiu.VumaR.Sprint1.Task5.V5\Tyuiu.VumaR.Sprint1.Task5.V5.csproj", "{FDFBC244-73DC-4BFE-BC99-3A16E1FAD2FB}"
EndProject
Project("{FAE04EC0-301F-11D3-BF4B-00C04F79EFBC}") = "Tyuiu.VumaR.Sprint1.Task5.V5.Lib", "Tyuiu.VumaR.Sprint1.Task5.V5.Lib\Tyuiu.VumaR.Sprint1.Task5.V5.Lib.csproj", "{7B85B131-468D-4E73-BD33-74687D979021}"
EndProject
Project("{FAE04EC0-301F-11D3-BF4B-00C04F79EFBC}") = "Tyuiu.VumaR.Sprint1.Task5.V5.Test", "Tyuiu.VumaR.Sprint1.Task5.V5.Test\Tyuiu.VumaR.Sprint1.Task5.V5.Test.csproj", "{468F8CC7-8D2C-40AA-81CB-986A2D716607}"
EndProject
Project("{2150E333-8FDC-42A3-9474-1A3956D46DE8}") = "Task6", "Task6", "{64C52B3F-558E-437B-9FA0-0F85E71952B8}"
EndProject
Project("{FAE04EC0-301F-11D3-BF4B-00C04F79EFBC}") = "Tyuiu.VumaR.Sprint1.Task6.V9", "Tyuiu.VumaR.Sprint1.Task6.V9\Tyuiu.VumaR.Sprint1.Task6.V9.csproj", "{04D8A306-F3F8-43D4-896C-2DA78BCB6221}"
EndProject
Project("{FAE04EC0-301F-11D3-BF4B-00C04F79EFBC}") = "Tyuiu.VumaR.Sprint1.Task6.V9.Lib", "Tyuiu.VumaR.Sprint1.Task6.V9.Lib\Tyuiu.VumaR.Sprint1.Task6.V9.Lib.csproj", "{273F7DCD-1DA9-43E1-AC73-01271FD3710D}"
EndProject
Project("{FAE04EC0-301F-11D3-BF4B-00C04F79EFBC}") = "Tyuiu.VumaR.Sprint1.Task6.V9.Test", "Tyuiu.VumaR.Sprint1.Task6.V9.Test\Tyuiu.VumaR.Sprint1.Task6.V9.Test.csproj", "{ED92E487-F077-4B71-A067-138CE7AC6296}"
EndProject
Project("{2150E333-8FDC-42A3-9474-1A3956D46DE8}") = "Task7", "Task7", "{916F0EAB-1C71-495F-83CA-28BE1BD1D49E}"
EndProject
Project("{FAE04EC0-301F-11D3-BF4B-00C04F79EFBC}") = "Tyuiu.VumaR.Sprint1.Task7.V17", "Tyuiu.VumaR.Sprint1.Task7.V17\Tyuiu.VumaR.Sprint1.Task7.V17.csproj", "{E713939D-F15D-4F50-AF30-242EF1FCCBD9}"
EndProject
Project("{FAE04EC0-301F-11D3-BF4B-00C04F79EFBC}") = "Tyuiu.VumaR.Sprint1.Task7.V17.Lib", "Tyuiu.VumaR.Sprint1.Task7.V17.Lib\Tyuiu.VumaR.Sprint1.Task7.V17.Lib.csproj", "{9A8A30DB-7C6F-415B-9859-98118B51444C}"
EndProject
Project("{FAE04EC0-301F-11D3-BF4B-00C04F79EFBC}") = "Tyuiu.VumaR.Sprint1.Task7.V17.Test", "Tyuiu.VumaR.Sprint1.Task7.V17.Test\Tyuiu.VumaR.Sprint1.Task7.V17.Test.csproj", "{097CCE65-3336-4D9C-8B98-9F9B6CBC43DF}"
EndProject
Global
	GlobalSection(SolutionConfigurationPlatforms) = preSolution
		Debug|Any CPU = Debug|Any CPU
		Release|Any CPU = Release|Any CPU
	EndGlobalSection
	GlobalSection(ProjectConfigurationPlatforms) = postSolution
		{CC28EAB3-0B6B-4404-B795-225FBDC3DC0D}.Debug|Any CPU.ActiveCfg = Debug|Any CPU
		{CC28EAB3-0B6B-4404-B795-225FBDC3DC0D}.Debug|Any CPU.Build.0 = Debug|Any CPU
		{CC28EAB3-0B6B-4404-B795-225FBDC3DC0D}.Release|Any CPU.ActiveCfg = Release|Any CPU
		{CC28EAB3-0B6B-4404-B795-225FBDC3DC0D}.Release|Any CPU.Build.0 = Release|Any CPU
		{F129CF46-9E97-4916-948B-F916D644D7AB}.Debug|Any CPU.ActiveCfg = Debug|Any CPU
		{F129CF46-9E97-4916-948B-F916D644D7AB}.Debug|Any CPU.Build.0 = Debug|Any CPU
		{F129CF46-9E97-4916-948B-F916D644D7AB}.Release|Any CPU.ActiveCfg = Release|Any CPU
		{F129CF46-9E97-4916-948B-F916D644D7AB}.Release|Any CPU.Build.0 = Release|Any CPU
		{20654F83-EFD5-4648-93D9-899B07411326}.Debug|Any CPU.ActiveCfg = Debug|Any CPU
		{20654F83-EFD5-4648-93D9-899B07411326}.Debug|Any CPU.Build.0 = Debug|Any CPU
		{20654F83-EFD5-4648-93D9-899B07411326}.Release|Any CPU.ActiveCfg = Release|Any CPU
		{20654F83-EFD5-4648-93D9-899B07411326}.Release|Any CPU.Build.0 = Release|Any CPU
		{821DD4E6-9132-4B0C-93C2-6BEB9018F66A}.Debug|Any CPU.ActiveCfg = Debug|Any CPU
		{821DD4E6-9132-4B0C-93C2-6BEB9018F66A}.Debug|Any CPU.Build.0 = Debug|Any CPU
		{821DD4E6-9132-4B0C-93C2-6BEB9018F66A}.Release|Any CPU.ActiveCfg = Release|Any CPU
		{821DD4E6-9132-4B0C-93C2-6BEB9018F66A}.Release|Any CPU.Build.0 = Release|Any CPU
		{E2737F8E-CF77-45CD-909A-9FA0358C427C}.Debug|Any CPU.ActiveCfg = Debug|Any CPU
		{E2737F8E-CF77-45CD-909A-9FA0358C427C}.Debug|Any CPU.Build.0 = Debug|Any CPU
		{E2737F8E-CF77-45CD-909A-9FA0358C427C}.Release|Any CPU.ActiveCfg = Release|Any CPU
		{E2737F8E-CF77-45CD-909A-9FA0358C427C}.Release|Any CPU.Build.0 = Release|Any CPU
		{3C08326C-E06E-4040-8A04-523E586C407C}.Debug|Any CPU.ActiveCfg = Debug|Any CPU
		{3C08326C-E06E-4040-8A04-523E586C407C}.Debug|Any CPU.Build.0 = Debug|Any CPU
		{3C08326C-E06E-4040-8A04-523E586C407C}.Release|Any CPU.ActiveCfg = Release|Any CPU
		{3C08326C-E06E-4040-8A04-523E586C407C}.Release|Any CPU.Build.0 = Release|Any CPU
		{4736D1C3-4BCF-4DF6-BEA4-B1AFCC8601DA}.Debug|Any CPU.ActiveCfg = Debug|Any CPU
		{4736D1C3-4BCF-4DF6-BEA4-B1AFCC8601DA}.Debug|Any CPU.Build.0 = Debug|Any CPU
		{4736D1C3-4BCF-4DF6-BEA4-B1AFCC8601DA}.Release|Any CPU.ActiveCfg = Release|Any CPU
		{4736D1C3-4BCF-4DF6-BEA4-B1AFCC8601DA}.Release|Any CPU.Build.0 = Release|Any CPU
		{7C3CF3F9-13EF-4C0B-8416-E10DF9F2B96C}.Debug|Any CPU.ActiveCfg = Debug|Any CPU
		{7C3CF3F9-13EF-4C0B-8416-E10DF9F2B96C}.Debug|Any CPU.Build.0 = Debug|Any CPU
		{7C3CF3F9-13EF-4C0B-8416-E10DF9F2B96C}.Release|Any CPU.ActiveCfg = Release|Any CPU
		{7C3CF3F9-13EF-4C0B-8416-E10DF9F2B96C}.Release|Any CPU.Build.0 = Release|Any CPU
		{F15009E8-4F9B-4E59-B748-06BC3544A3BD}.Debug|Any CPU.ActiveCfg = Debug|Any CPU
		{F15009E8-4F9B-4E59-B748-06BC3544A3BD}.Debug|Any CPU.Build.0 = Debug|Any CPU
		{F15009E8-4F9B-4E59-B748-06BC3544A3BD}.Release|Any CPU.ActiveCfg = Release|Any CPU
		{F15009E8-4F9B-4E59-B748-06BC3544A3BD}.Release|Any CPU.Build.0 = Release|Any CPU
		{2F04D578-4437-4587-883F-5DCFACC21217}.Debug|Any CPU.ActiveCfg = Debug|Any CPU
		{2F04D578-4437-4587-883F-5DCFACC21217}.Debug|Any CPU.Build.0 = Debug|Any CPU
		{2F04D578-4437-4587-883F-5DCFACC21217}.Release|Any CPU.ActiveCfg = Release|Any CPU
		{2F04D578-4437-4587-883F-5DCFACC21217}.Release|Any CPU.Build.0 = Release|Any CPU
		{C6BEB981-692C-40AF-8A9E-19E57F0733C0}.Debug|Any CPU.ActiveCfg = Debug|Any CPU
		{C6BEB981-692C-40AF-8A9E-19E57F0733C0}.Debug|Any CPU.Build.0 = Debug|Any CPU
		{C6BEB981-692C-40AF-8A9E-19E57F0733C0}.Release|Any CPU.ActiveCfg = Release|Any CPU
		{C6BEB981-692C-40AF-8A9E-19E57F0733C0}.Release|Any CPU.Build.0 = Release|Any CPU
		{4001A78D-3AC8-4ACF-BEAA-2B1A56EE5E84}.Debug|Any CPU.ActiveCfg = Debug|Any CPU
		{4001A78D-3AC8-4ACF-BEAA-2B1A56EE5E84}.Debug|Any CPU.Build.0 = Debug|Any CPU
		{4001A78D-3AC8-4ACF-BEAA-2B1A56EE5E84}.Release|Any CPU.ActiveCfg = Release|Any CPU
		{4001A78D-3AC8-4ACF-BEAA-2B1A56EE5E84}.Release|Any CPU.Build.0 = Release|Any CPU
		{248982CD-4BDA-4C55-821F-7166B1B0637F}.Debug|Any CPU.ActiveCfg = Debug|Any CPU
		{248982CD-4BDA-4C55-821F-7166B1B0637F}.Debug|Any CPU.Build.0 = Debug|Any CPU
		{248982CD-4BDA-4C55-821F-7166B1B0637F}.Release|Any CPU.ActiveCfg = Release|Any CPU
		{248982CD-4BDA-4C55-821F-7166B1B0637F}.Release|Any CPU.Build.0 = Release|Any CPU
		{09B6D74B-9ABF-4858-B2C2-2DB0A621BED8}.Debug|Any CPU.ActiveCfg = Debug|Any CPU
		{09B6D74B-9ABF-4858-B2C2-2DB0A621BED8}.Debug|Any CPU.Build.0 = Debug|Any CPU
		{09B6D74B-9ABF-4858-B2C2-2DB0A621BED8}.Release|Any CPU.ActiveCfg = Release|Any CPU
		{09B6D74B-9ABF-4858-B2C2-2DB0A621BED8}.Release|Any CPU.Build.0 = Release|Any CPU
		{CF601FC8-18E1-4C33-AAA3-C9FEBB8B8DFC}.Debug|Any CPU.ActiveCfg = Debug|Any CPU
		{CF601FC8-18E1-4C33-AAA3-C9FEBB8B8DFC}.Debug|Any CPU.Build.0 = Debug|Any CPU
		{CF601FC8-18E1-4C33-AAA3-C9FEBB8B8DFC}.Release|Any CPU.ActiveCfg = Release|Any CPU
		{CF601FC8-18E1-4C33-AAA3-C9FEBB8B8DFC}.Release|Any CPU.Build.0 = Release|Any CPU
		{FDFBC244-73DC-4BFE-BC99-3A16E1FAD2FB}.Debug|Any CPU.ActiveCfg = Debug|Any CPU
		{FDFBC244-73DC-4BFE-BC99-3A16E1FAD2FB}.Debug|Any CPU.Build.0 = Debug|Any CPU
		{FDFBC244-73DC-4BFE-BC99-3A16E1FAD2FB}.Release|Any CPU.ActiveCfg = Release|Any CPU
		{FDFBC244-73DC-4BFE-BC99-3A16E1FAD2FB}.Release|Any CPU.Build.0 = Release|Any CPU
		{7B85B131-468D-4E73-BD33-74687D979021}.Debug|Any CPU.ActiveCfg = Debug|Any CPU
		{7B85B131-468D-4E73-BD33-74687D979021}.Debug|Any CPU.Build.0 = Debug|Any CPU
		{7B85B131-468D-4E73-BD33-74687D979021}.Release|Any CPU.ActiveCfg = Release|Any CPU
		{7B85B131-468D-4E73-BD33-74687D979021}.Release|Any CPU.Build.0 = Release|Any CPU
		{468F8CC7-8D2C-40AA-81CB-986A2D716607}.Debug|Any CPU.ActiveCfg = Debug|Any CPU
		{468F8CC7-8D2C-40AA-81CB-986A2D716607}.Debug|Any CPU.Build.0 = Debug|Any CPU
		{468F8CC7-8D2C-40AA-81CB-986A2D716607}.Release|Any CPU.ActiveCfg = Release|Any CPU
		{468F8CC7-8D2C-40AA-81CB-986A2D716607}.Release|Any CPU.Build.0 = Release|Any CPU
		{04D8A306-F3F8-43D4-896C-2DA78BCB6221}.Debug|Any CPU.ActiveCfg = Debug|Any CPU
		{04D8A306-F3F8-43D4-896C-2DA78BCB6221}.Debug|Any CPU.Build.0 = Debug|Any CPU
		{04D8A306-F3F8-43D4-896C-2DA78BCB6221}.Release|Any CPU.ActiveCfg = Release|Any CPU
		{04D8A306-F3F8-43D4-896C-2DA78BCB6221}.Release|Any CPU.Build.0 = Release|Any CPU
		{273F7DCD-1DA9-43E1-AC73-01271FD3710D}.Debug|Any CPU.ActiveCfg = Debug|Any CPU
		{273F7DCD-1DA9-43E1-AC73-01271FD3710D}.Debug|Any CPU.Build.0 = Debug|Any CPU
		{273F7DCD-1DA9-43E1-AC73-01271FD3710D}.Release|Any CPU.ActiveCfg = Release|Any CPU
		{273F7DCD-1DA9-43E1-AC73-01271FD3710D}.Release|Any CPU.Build.0 = Release|Any CPU
		{ED92E487-F077-4B71-A067-138CE7AC6296}.Debug|Any CPU.ActiveCfg = Debug|Any CPU
		{ED92E487-F077-4B71-A067-138CE7AC6296}.Debug|Any CPU.Build.0 = Debug|Any CPU
		{ED92E487-F077-4B71-A067-138CE7AC6296}.Release|Any CPU.ActiveCfg = Release|Any CPU
		{ED92E487-F077-4B71-A067-138CE7AC6296}.Release|Any CPU.Build.0 = Release|Any CPU
		{E713939D-F15D-4F50-AF30-242EF1FCCBD9}.Debug|Any CPU.ActiveCfg = Debug|Any CPU
		{E713939D-F15D-4F50-AF30-242EF1FCCBD9}.Debug|Any CPU.Build.0 = Debug|Any CPU
		{E713939D-F15D-4F50-AF30-242EF1FCCBD9}.Release|Any CPU.ActiveCfg = Release|Any CPU
		{E713939D-F15D-4F50-AF30-242EF1FCCBD9}.Release|Any CPU.Build.0 = Release|Any CPU
		{9A8A30DB-7C6F-415B-9859-98118B51444C}.Debug|Any CPU.ActiveCfg = Debug|Any CPU
		{9A8A30DB-7C6F-415B-9859-98118B51444C}.Debug|Any CPU.Build.0 = Debug|Any CPU
		{9A8A30DB-7C6F-415B-9859-98118B51444C}.Release|Any CPU.ActiveCfg = Release|Any CPU
		{9A8A30DB-7C6F-415B-9859-98118B51444C}.Release|Any CPU.Build.0 = Release|Any CPU
		{097CCE65-3336-4D9C-8B98-9F9B6CBC43DF}.Debug|Any CPU.ActiveCfg = Debug|Any CPU
		{097CCE65-3336-4D9C-8B98-9F9B6CBC43DF}.Debug|Any CPU.Build.0 = Debug|Any CPU
		{097CCE65-3336-4D9C-8B98-9F9B6CBC43DF}.Release|Any CPU.ActiveCfg = Release|Any CPU
		{097CCE65-3336-4D9C-8B98-9F9B6CBC43DF}.Release|Any CPU.Build.0 = Release|Any CPU
	EndGlobalSection
	GlobalSection(SolutionProperties) = preSolution
		HideSolutionNode = FALSE
	EndGlobalSection
	GlobalSection(NestedProjects) = preSolution
		{CC28EAB3-0B6B-4404-B795-225FBDC3DC0D} = {52A00A8C-2483-4277-BCB6-E31B81C9DDA0}
		{F129CF46-9E97-4916-948B-F916D644D7AB} = {52A00A8C-2483-4277-BCB6-E31B81C9DDA0}
		{20654F83-EFD5-4648-93D9-899B07411326} = {52A00A8C-2483-4277-BCB6-E31B81C9DDA0}
		{821DD4E6-9132-4B0C-93C2-6BEB9018F66A} = {918681FD-629F-4C0C-84BB-FC3BAF496641}
		{E2737F8E-CF77-45CD-909A-9FA0358C427C} = {918681FD-629F-4C0C-84BB-FC3BAF496641}
		{3C08326C-E06E-4040-8A04-523E586C407C} = {918681FD-629F-4C0C-84BB-FC3BAF496641}
		{4736D1C3-4BCF-4DF6-BEA4-B1AFCC8601DA} = {E813C7D3-0CE2-4D02-99F0-C356E1649261}
		{7C3CF3F9-13EF-4C0B-8416-E10DF9F2B96C} = {E813C7D3-0CE2-4D02-99F0-C356E1649261}
		{F15009E8-4F9B-4E59-B748-06BC3544A3BD} = {E813C7D3-0CE2-4D02-99F0-C356E1649261}
		{2F04D578-4437-4587-883F-5DCFACC21217} = {F5D2AE15-AECA-4264-8429-3A09822C7378}
		{C6BEB981-692C-40AF-8A9E-19E57F0733C0} = {F5D2AE15-AECA-4264-8429-3A09822C7378}
		{4001A78D-3AC8-4ACF-BEAA-2B1A56EE5E84} = {F5D2AE15-AECA-4264-8429-3A09822C7378}
		{248982CD-4BDA-4C55-821F-7166B1B0637F} = {42CA138F-25F4-4186-BC01-04330449EDEB}
		{09B6D74B-9ABF-4858-B2C2-2DB0A621BED8} = {42CA138F-25F4-4186-BC01-04330449EDEB}
		{CF601FC8-18E1-4C33-AAA3-C9FEBB8B8DFC} = {42CA138F-25F4-4186-BC01-04330449EDEB}
		{FDFBC244-73DC-4BFE-BC99-3A16E1FAD2FB} = {A5370007-2986-44AF-9970-7819FA083073}
		{7B85B131-468D-4E73-BD33-74687D979021} = {A5370007-2986-44AF-9970-7819FA083073}
		{468F8CC7-8D2C-40AA-81CB-986A2D716607} = {A5370007-2986-44AF-9970-7819FA083073}
		{04D8A306-F3F8-43D4-896C-2DA78BCB6221} = {64C52B3F-558E-437B-9FA0-0F85E71952B8}
		{273F7DCD-1DA9-43E1-AC73-01271FD3710D} = {64C52B3F-558E-437B-9FA0-0F85E71952B8}
		{ED92E487-F077-4B71-A067-138CE7AC6296} = {64C52B3F-558E-437B-9FA0-0F85E71952B8}
		{E713939D-F15D-4F50-AF30-242EF1FCCBD9} = {916F0EAB-1C71-495F-83CA-28BE1BD1D49E}
		{9A8A30DB-7C6F-415B-9859-98118B51444C} = {916F0EAB-1C71-495F-83CA-28BE1BD1D49E}
		{097CCE65-3336-4D9C-8B98-9F9B6CBC43DF} = {916F0EAB-1C71-495F-83CA-28BE1BD1D49E}
	EndGlobalSection
EndGlobal
