
Microsoft Visual Studio Solution File, Format Version 12.00
# Visual Studio Version 17
VisualStudioVersion = 17.12.35514.174 d17.12
MinimumVisualStudioVersion = 10.0.40219.1
Project("{2150E333-8FDC-42A3-9474-1A3956D46DE8}") = "Task0", "Task0", "{52A00A8C-2483-4277-BCB6-E31B81C9DDA0}"
EndProject
Project("{FAE04EC0-301F-11D3-BF4B-00C04F79EFBC}") = "Tyuiu.VumaR.Sprint1.Task0.V14", "Tyuiu.VumaR.Sprint1.Task0.V14\Tyuiu.VumaR.Sprint1.Task0.V14.csproj", "{CC28EAB3-0B6B-4404-B795-225FBDC3DC0D}"
EndProject
Project("{FAE04EC0-301F-11D3-BF4B-00C04F79EFBC}") = "Tyuiu.VumaR.Sprint1.Task0.V14.Lib", "Tyuiu.VumaR.Sprint1.Task0.V14.Lib\Tyuiu.VumaR.Sprint1.Task0.V14.Lib.csproj", "{F129CF46-9E97-4916-948B-F916D644D7AB}"
EndProject
Project("{FAE04EC0-301F-11D3-BF4B-00C04F79EFBC}") = "Tyuiu.VumaR.Sprint1.Task0.V14.Test", "Tyuiu.VumaR.Sprint1.Task0.V14.Test\Tyuiu.VumaR.Sprint1.Task0.V14.Test.csproj", "{20654F83-EFD5-4648-93D9-899B07411326}"
EndProject
Project("{2150E333-8FDC-42A3-9474-1A3956D46DE8}") = "Task1", "Task1", "{918681FD-629F-4C0C-84BB-FC3BAF496641}"
EndProject
Project("{FAE04EC0-301F-11D3-BF4B-00C04F79EFBC}") = "Tyuiu.VumaR.Sprint1.Task1.V15", "Tyuiu.VumaR.Sprint1.Task1.V15\Tyuiu.VumaR.Sprint1.Task1.V15.csproj", "{821DD4E6-9132-4B0C-93C2-6BEB9018F66A}"
EndProject
Project("{FAE04EC0-301F-11D3-BF4B-00C04F79EFBC}") = "Tyuiu.VumaR.Sprint1.Task1.V15.Lib", "Tyuiu.VumaR.Sprint1.Task1.V15.Lib\Tyuiu.VumaR.Sprint1.Task1.V15.Lib.csproj", "{E2737F8E-CF77-45CD-909A-9FA0358C427C}"
EndProject
Project("{FAE04EC0-301F-11D3-BF4B-00C04F79EFBC}") = "Tyuiu.VumaR.Sprint1.Task1.V15.Test", "Tyuiu.VumaR.Sprint1.Task1.V15.Test\Tyuiu.VumaR.Sprint1.Task1.V15.Test.csproj", "{3C08326C-E06E-4040-8A04-523E586C407C}"
EndProject
Project("{2150E333-8FDC-42A3-9474-1A3956D46DE8}") = "Task2", "Task2", "{E813C7D3-0CE2-4D02-99F0-C356E1649261}"
EndProject
Project("{FAE04EC0-301F-11D3-BF4B-00C04F79EFBC}") = "Tyuiu.VumaR.Sprint1.Task2.V27", "Tyuiu.VumaR.Sprint1.Task2.V27\Tyuiu.VumaR.Sprint1.Task2.V27.csproj", "{4736D1C3-4BCF-4DF6-BEA4-B1AFCC8601DA}"
EndProject
Project("{FAE04EC0-301F-11D3-BF4B-00C04F79EFBC}") = "Tyuiu.VumaR.Sprint1.Task2.V27.Lib", "Tyuiu.VumaR.Sprint1.Task2.V27.Lib\Tyuiu.VumaR.Sprint1.Task2.V27.Lib.csproj", "{7C3CF3F9-13EF-4C0B-8416-E10DF9F2B96C}"
EndProject
Project("{FAE04EC0-301F-11D3-BF4B-00C04F79EFBC}") = "Tyuiu.VumaR.Sprint1.Task2.V27.Test", "Tyuiu.VumaR.Sprint1.Task2.V27.Test\Tyuiu.VumaR.Sprint1.Task2.V27.Test.csproj", "{F15009E8-4F9B-4E59-B748-06BC3544A3BD}"
EndProject
Global
	GlobalSection(SolutionConfigurationPlatforms) = preSolution
		Debug|Any CPU = Debug|Any CPU
		Release|Any CPU = Release|Any CPU
	EndGlobalSection
	GlobalSection(ProjectConfigurationPlatforms) = postSolution
		{CC28EAB3-0B6B-4404-B795-225FBDC3DC0D}.Debug|Any CPU.ActiveCfg = Debug|Any CPU
		{CC28EAB3-0B6B-4404-B795-225FBDC3DC0D}.Debug|Any CPU.Build.0 = Debug|Any CPU
		{CC28EAB3-0B6B-4404-B795-225FBDC3DC0D}.Release|Any CPU.ActiveCfg = Release|Any CPU
		{CC28EAB3-0B6B-4404-B795-225FBDC3DC0D}.Release|Any CPU.Build.0 = Release|Any CPU
		{F129CF46-9E97-4916-948B-F916D644D7AB}.Debug|Any CPU.ActiveCfg = Debug|Any CPU
		{F129CF46-9E97-4916-948B-F916D644D7AB}.Debug|Any CPU.Build.0 = Debug|Any CPU
		{F129CF46-9E97-4916-948B-F916D644D7AB}.Release|Any CPU.ActiveCfg = Release|Any CPU
		{F129CF46-9E97-4916-948B-F916D644D7AB}.Release|Any CPU.Build.0 = Release|Any CPU
		{20654F83-EFD5-4648-93D9-899B07411326}.Debug|Any CPU.ActiveCfg = Debug|Any CPU
		{20654F83-EFD5-4648-93D9-899B07411326}.Debug|Any CPU.Build.0 = Debug|Any CPU
		{20654F83-EFD5-4648-93D9-899B07411326}.Release|Any CPU.ActiveCfg = Release|Any CPU
		{20654F83-EFD5-4648-93D9-899B07411326}.Release|Any CPU.Build.0 = Release|Any CPU
		{821DD4E6-9132-4B0C-93C2-6BEB9018F66A}.Debug|Any CPU.ActiveCfg = Debug|Any CPU
		{821DD4E6-9132-4B0C-93C2-6BEB9018F66A}.Debug|Any CPU.Build.0 = Debug|Any CPU
		{821DD4E6-9132-4B0C-93C2-6BEB9018F66A}.Release|Any CPU.ActiveCfg = Release|Any CPU
		{821DD4E6-9132-4B0C-93C2-6BEB9018F66A}.Release|Any CPU.Build.0 = Release|Any CPU
		{E2737F8E-CF77-45CD-909A-9FA0358C427C}.Debug|Any CPU.ActiveCfg = Debug|Any CPU
		{E2737F8E-CF77-45CD-909A-9FA0358C427C}.Debug|Any CPU.Build.0 = Debug|Any CPU
		{E2737F8E-CF77-45CD-909A-9FA0358C427C}.Release|Any CPU.ActiveCfg = Release|Any CPU
		{E2737F8E-CF77-45CD-909A-9FA0358C427C}.Release|Any CPU.Build.0 = Release|Any CPU
		{3C08326C-E06E-4040-8A04-523E586C407C}.Debug|Any CPU.ActiveCfg = Debug|Any CPU
		{3C08326C-E06E-4040-8A04-523E586C407C}.Debug|Any CPU.Build.0 = Debug|Any CPU
		{3C08326C-E06E-4040-8A04-523E586C407C}.Release|Any CPU.ActiveCfg = Release|Any CPU
		{3C08326C-E06E-4040-8A04-523E586C407C}.Release|Any CPU.Build.0 = Release|Any CPU
		{4736D1C3-4BCF-4DF6-BEA4-B1AFCC8601DA}.Debug|Any CPU.ActiveCfg = Debug|Any CPU
		{4736D1C3-4BCF-4DF6-BEA4-B1AFCC8601DA}.Debug|Any CPU.Build.0 = Debug|Any CPU
		{4736D1C3-4BCF-4DF6-BEA4-B1AFCC8601DA}.Release|Any CPU.ActiveCfg = Release|Any CPU
		{4736D1C3-4BCF-4DF6-BEA4-B1AFCC8601DA}.Release|Any CPU.Build.0 = Release|Any CPU
		{7C3CF3F9-13EF-4C0B-8416-E10DF9F2B96C}.Debug|Any CPU.ActiveCfg = Debug|Any CPU
		{7C3CF3F9-13EF-4C0B-8416-E10DF9F2B96C}.Debug|Any CPU.Build.0 = Debug|Any CPU
		{7C3CF3F9-13EF-4C0B-8416-E10DF9F2B96C}.Release|Any CPU.ActiveCfg = Release|Any CPU
		{7C3CF3F9-13EF-4C0B-8416-E10DF9F2B96C}.Release|Any CPU.Build.0 = Release|Any CPU
		{F15009E8-4F9B-4E59-B748-06BC3544A3BD}.Debug|Any CPU.ActiveCfg = Debug|Any CPU
		{F15009E8-4F9B-4E59-B748-06BC3544A3BD}.Debug|Any CPU.Build.0 = Debug|Any CPU
		{F15009E8-4F9B-4E59-B748-06BC3544A3BD}.Release|Any CPU.ActiveCfg = Release|Any CPU
		{F15009E8-4F9B-4E59-B748-06BC3544A3BD}.Release|Any CPU.Build.0 = Release|Any CPU
	EndGlobalSection
	GlobalSection(SolutionProperties) = preSolution
		HideSolutionNode = FALSE
	EndGlobalSection
	GlobalSection(NestedProjects) = preSolution
		{CC28EAB3-0B6B-4404-B795-225FBDC3DC0D} = {52A00A8C-2483-4277-BCB6-E31B81C9DDA0}
		{F129CF46-9E97-4916-948B-F916D644D7AB} = {52A00A8C-2483-4277-BCB6-E31B81C9DDA0}
		{20654F83-EFD5-4648-93D9-899B07411326} = {52A00A8C-2483-4277-BCB6-E31B81C9DDA0}
		{821DD4E6-9132-4B0C-93C2-6BEB9018F66A} = {918681FD-629F-4C0C-84BB-FC3BAF496641}
		{E2737F8E-CF77-45CD-909A-9FA0358C427C} = {918681FD-629F-4C0C-84BB-FC3BAF496641}
		{3C08326C-E06E-4040-8A04-523E586C407C} = {918681FD-629F-4C0C-84BB-FC3BAF496641}
		{4736D1C3-4BCF-4DF6-BEA4-B1AFCC8601DA} = {E813C7D3-0CE2-4D02-99F0-C356E1649261}
		{7C3CF3F9-13EF-4C0B-8416-E10DF9F2B96C} = {E813C7D3-0CE2-4D02-99F0-C356E1649261}
		{F15009E8-4F9B-4E59-B748-06BC3544A3BD} = {E813C7D3-0CE2-4D02-99F0-C356E1649261}
	EndGlobalSection
EndGlobal
